
Microsoft Visual Studio Solution File, Format Version 12.00
# Visual Studio 14
VisualStudioVersion = 14.0.25420.1
MinimumVisualStudioVersion = 10.0.40219.1
Project("{FAE04EC0-301F-11D3-BF4B-00C04F79EFBC}") = "FrmEventReminder", "FrmEventReminder\FrmEventReminder.csproj", "{7AD75212-62C7-4347-BDDA-8056D2FA4D47}"
EndProject
Project("{FAE04EC0-301F-11D3-BF4B-00C04F79EFBC}") = "EventService", "EventService\EventService.csproj", "{D08444BC-FB02-4EFD-90B5-DB752B8F5E84}"
EndProject
Global
	GlobalSection(SolutionConfigurationPlatforms) = preSolution
		Debug|Any CPU = Debug|Any CPU
		Debug|x64 = Debug|x64
		Debug|x86 = Debug|x86
		Release|Any CPU = Release|Any CPU
		Release|x64 = Release|x64
		Release|x86 = Release|x86
	EndGlobalSection
	GlobalSection(ProjectConfigurationPlatforms) = postSolution
		{7AD75212-62C7-4347-BDDA-8056D2FA4D47}.Debug|Any CPU.ActiveCfg = Debug|x86
		{7AD75212-62C7-4347-BDDA-8056D2FA4D47}.Debug|x64.ActiveCfg = Debug|x64
		{7AD75212-62C7-4347-BDDA-8056D2FA4D47}.Debug|x86.ActiveCfg = Debug|x86
		{7AD75212-62C7-4347-BDDA-8056D2FA4D47}.Debug|x86.Build.0 = Debug|x86
		{7AD75212-62C7-4347-BDDA-8056D2FA4D47}.Release|Any CPU.ActiveCfg = Release|x86
		{7AD75212-62C7-4347-BDDA-8056D2FA4D47}.Release|x64.ActiveCfg = Release|x64
		{7AD75212-62C7-4347-BDDA-8056D2FA4D47}.Release|x86.ActiveCfg = Release|x86
		{7AD75212-62C7-4347-BDDA-8056D2FA4D47}.Release|x86.Build.0 = Release|x86
		{D08444BC-FB02-4EFD-90B5-DB752B8F5E84}.Debug|Any CPU.ActiveCfg = Debug|Any CPU
		{D08444BC-FB02-4EFD-90B5-DB752B8F5E84}.Debug|Any CPU.Build.0 = Debug|Any CPU
		{D08444BC-FB02-4EFD-90B5-DB752B8F5E84}.Debug|x64.ActiveCfg = Debug|x64
		{D08444BC-FB02-4EFD-90B5-DB752B8F5E84}.Debug|x64.Build.0 = Debug|x64
		{D08444BC-FB02-4EFD-90B5-DB752B8F5E84}.Debug|x86.ActiveCfg = Debug|Any CPU
		{D08444BC-FB02-4EFD-90B5-DB752B8F5E84}.Debug|x86.Build.0 = Debug|Any CPU
		{D08444BC-FB02-4EFD-90B5-DB752B8F5E84}.Release|Any CPU.ActiveCfg = Release|Any CPU
		{D08444BC-FB02-4EFD-90B5-DB752B8F5E84}.Release|Any CPU.Build.0 = Release|Any CPU
		{D08444BC-FB02-4EFD-90B5-DB752B8F5E84}.Release|x64.ActiveCfg = Release|x64
		{D08444BC-FB02-4EFD-90B5-DB752B8F5E84}.Release|x64.Build.0 = Release|x64
		{D08444BC-FB02-4EFD-90B5-DB752B8F5E84}.Release|x86.ActiveCfg = Release|Any CPU
		{D08444BC-FB02-4EFD-90B5-DB752B8F5E84}.Release|x86.Build.0 = Release|Any CPU
	EndGlobalSection
	GlobalSection(SolutionProperties) = preSolution
		HideSolutionNode = FALSE
	EndGlobalSection
EndGlobal
